
Microsoft Visual Studio Solution File, Format Version 12.00
# Visual Studio Version 16
VisualStudioVersion = 25.0.1705.4
MinimumVisualStudioVersion = 10.0.40219.1
Project("{FAE04EC0-301F-11D3-BF4B-00C04F79EFBC}") = "kalbestore-be", "kalbestore-be.csproj", "{97D64EF9-1925-4985-A6DF-F5512590C4ED}"
EndProject
Global
	GlobalSection(SolutionConfigurationPlatforms) = preSolution
		Debug|Any CPU = Debug|Any CPU
		Release|Any CPU = Release|Any CPU
	EndGlobalSection
	GlobalSection(ProjectConfigurationPlatforms) = postSolution
		{97D64EF9-1925-4985-A6DF-F5512590C4ED}.Debug|Any CPU.ActiveCfg = Debug|Any CPU
		{97D64EF9-1925-4985-A6DF-F5512590C4ED}.Debug|Any CPU.Build.0 = Debug|Any CPU
		{97D64EF9-1925-4985-A6DF-F5512590C4ED}.Release|Any CPU.ActiveCfg = Release|Any CPU
		{97D64EF9-1925-4985-A6DF-F5512590C4ED}.Release|Any CPU.Build.0 = Release|Any CPU
	EndGlobalSection
	GlobalSection(SolutionProperties) = preSolution
		HideSolutionNode = FALSE
	EndGlobalSection
	GlobalSection(ExtensibilityGlobals) = postSolution
		SolutionGuid = {B41FB19F-FE5A-4AA0-BFA1-C79D5F68344A}
	EndGlobalSection
EndGlobal
